
Microsoft Visual Studio Solution File, Format Version 12.00
# Visual Studio Version 17
VisualStudioVersion = 17.0.32112.339
MinimumVisualStudioVersion = 10.0.40219.1
Project("{FAE04EC0-301F-11D3-BF4B-00C04F79EFBC}") = "ForFish", "ForFish\ForFish.csproj", "{BE2918D3-0F3B-4C9F-89AA-39E70D91FDB8}"
EndProject
Project("{FAE04EC0-301F-11D3-BF4B-00C04F79EFBC}") = "ForFish2", "ForFish2\ForFish2.csproj", "{0935877E-3632-4FF5-8A08-5378556C8D32}"
EndProject
Global
	GlobalSection(SolutionConfigurationPlatforms) = preSolution
		Debug|Any CPU = Debug|Any CPU
		Release|Any CPU = Release|Any CPU
	EndGlobalSection
	GlobalSection(ProjectConfigurationPlatforms) = postSolution
		{BE2918D3-0F3B-4C9F-89AA-39E70D91FDB8}.Debug|Any CPU.ActiveCfg = Debug|Any CPU
		{BE2918D3-0F3B-4C9F-89AA-39E70D91FDB8}.Debug|Any CPU.Build.0 = Debug|Any CPU
		{BE2918D3-0F3B-4C9F-89AA-39E70D91FDB8}.Release|Any CPU.ActiveCfg = Release|Any CPU
		{BE2918D3-0F3B-4C9F-89AA-39E70D91FDB8}.Release|Any CPU.Build.0 = Release|Any CPU
		{0935877E-3632-4FF5-8A08-5378556C8D32}.Debug|Any CPU.ActiveCfg = Debug|Any CPU
		{0935877E-3632-4FF5-8A08-5378556C8D32}.Debug|Any CPU.Build.0 = Debug|Any CPU
		{0935877E-3632-4FF5-8A08-5378556C8D32}.Release|Any CPU.ActiveCfg = Release|Any CPU
		{0935877E-3632-4FF5-8A08-5378556C8D32}.Release|Any CPU.Build.0 = Release|Any CPU
	EndGlobalSection
	GlobalSection(SolutionProperties) = preSolution
		HideSolutionNode = FALSE
	EndGlobalSection
	GlobalSection(ExtensibilityGlobals) = postSolution
		SolutionGuid = {5F19061F-3F70-4DD1-BD2E-DE580DDB3289}
	EndGlobalSection
EndGlobal
